{
  "name": "thesis-md2docx-latex2omml-node",
  "version": "0.1.0",
  "lockfileVersion": 3,
  "requires": true,
  "packages": {
    "": {
      "name": "thesis-md2docx-latex2omml-node",
      "version": "0.1.0",
      "dependencies": {
        "@hungknguyen/mathml2omml": "0.4.6",
        "temml": "0.13.2"
      }
    },
    "node_modules/@hungknguyen/mathml2omml": {
      "version": "0.4.6",
      "resolved": "https://registry.npmjs.org/@hungknguyen/mathml2omml/-/mathml2omml-0.4.6.tgz",
      "integrity": "sha512-iK6myba23z1Qr/m/O2kmYhwsvRQBuwl8jksENI1+DRcvTXthNmjHZlPPVZ8Mk64QpqR9hvcQYDNSLxg+hjQU/Q==",
      "license": "LGPL-3.0-or-later"
    },
    "node_modules/temml": {
      "version": "0.13.2",
      "resolved": "https://registry.npmjs.org/temml/-/temml-0.13.2.tgz",
      "integrity": "sha512-n8fDRSsLscq9nh9j6z+FgkCvFMT0IJm6GCgwfzh+7AHT3Sfb4jFTQlsA6hVcF2dYYr3b66oDBVES95RfoukyrA==",
      "license": "MIT",
      "engines": {
        "node": ">=18.13.0"
      }
    }
  }
}
